
Microsoft Visual Studio Solution File, Format Version 12.00
# Visual Studio Version 17
VisualStudioVersion = 17.5.33424.131
MinimumVisualStudioVersion = 10.0.40219.1
Project("{9A19103F-16F7-4668-BE54-9A1E7A4F7556}") = "TaskManagmentSystem", "TaskManagmentSystem\TaskManagmentSystem.csproj", "{4A98C1A6-434D-4330-BE40-925046BF82AD}"
EndProject
Project("{2150E333-8FDC-42A3-9474-1A3956D46DE8}") = "DAL", "DAL", "{CE30DEDE-6F89-46BF-9B23-4B6962FB0488}"
EndProject
Project("{9A19103F-16F7-4668-BE54-9A1E7A4F7556}") = "TaskManagmentSystem.DAL", "TaskManagmentSystem.DAL\TaskManagmentSystem.DAL\TaskManagmentSystem.DAL.csproj", "{70D1ECEC-61A7-414C-8C14-78AE09B981E2}"
EndProject
Project("{2150E333-8FDC-42A3-9474-1A3956D46DE8}") = "Domain", "Domain", "{7E7E6431-3F8D-47FD-9A44-E2A03846732D}"
EndProject
Project("{9A19103F-16F7-4668-BE54-9A1E7A4F7556}") = "TaskManagmentSystem.Domain", "TaskManagmentSystem.Domain\TaskManagmentSystem.Domain.csproj", "{901FEA9C-E389-4D33-8201-F1922E55BB41}"
EndProject
Project("{2150E333-8FDC-42A3-9474-1A3956D46DE8}") = "Service", "Service", "{2F024765-0BB2-48C8-80F7-BB65B6F847A4}"
EndProject
Project("{FAE04EC0-301F-11D3-BF4B-00C04F79EFBC}") = "TaskManagmentSystem.Service", "TaskManagmentSystem.Service\TaskManagmentSystem.Service.csproj", "{26BC48DD-5C33-4A7D-A951-854E3B6F2E2F}"
EndProject
Global
	GlobalSection(SolutionConfigurationPlatforms) = preSolution
		Debug|Any CPU = Debug|Any CPU
		Release|Any CPU = Release|Any CPU
	EndGlobalSection
	GlobalSection(ProjectConfigurationPlatforms) = postSolution
		{4A98C1A6-434D-4330-BE40-925046BF82AD}.Debug|Any CPU.ActiveCfg = Debug|Any CPU
		{4A98C1A6-434D-4330-BE40-925046BF82AD}.Debug|Any CPU.Build.0 = Debug|Any CPU
		{4A98C1A6-434D-4330-BE40-925046BF82AD}.Release|Any CPU.ActiveCfg = Release|Any CPU
		{4A98C1A6-434D-4330-BE40-925046BF82AD}.Release|Any CPU.Build.0 = Release|Any CPU
		{70D1ECEC-61A7-414C-8C14-78AE09B981E2}.Debug|Any CPU.ActiveCfg = Debug|Any CPU
		{70D1ECEC-61A7-414C-8C14-78AE09B981E2}.Debug|Any CPU.Build.0 = Debug|Any CPU
		{70D1ECEC-61A7-414C-8C14-78AE09B981E2}.Release|Any CPU.ActiveCfg = Release|Any CPU
		{70D1ECEC-61A7-414C-8C14-78AE09B981E2}.Release|Any CPU.Build.0 = Release|Any CPU
		{901FEA9C-E389-4D33-8201-F1922E55BB41}.Debug|Any CPU.ActiveCfg = Debug|Any CPU
		{901FEA9C-E389-4D33-8201-F1922E55BB41}.Debug|Any CPU.Build.0 = Debug|Any CPU
		{901FEA9C-E389-4D33-8201-F1922E55BB41}.Release|Any CPU.ActiveCfg = Release|Any CPU
		{901FEA9C-E389-4D33-8201-F1922E55BB41}.Release|Any CPU.Build.0 = Release|Any CPU
		{26BC48DD-5C33-4A7D-A951-854E3B6F2E2F}.Debug|Any CPU.ActiveCfg = Debug|Any CPU
		{26BC48DD-5C33-4A7D-A951-854E3B6F2E2F}.Debug|Any CPU.Build.0 = Debug|Any CPU
		{26BC48DD-5C33-4A7D-A951-854E3B6F2E2F}.Release|Any CPU.ActiveCfg = Release|Any CPU
		{26BC48DD-5C33-4A7D-A951-854E3B6F2E2F}.Release|Any CPU.Build.0 = Release|Any CPU
	EndGlobalSection
	GlobalSection(SolutionProperties) = preSolution
		HideSolutionNode = FALSE
	EndGlobalSection
	GlobalSection(NestedProjects) = preSolution
		{70D1ECEC-61A7-414C-8C14-78AE09B981E2} = {CE30DEDE-6F89-46BF-9B23-4B6962FB0488}
		{901FEA9C-E389-4D33-8201-F1922E55BB41} = {7E7E6431-3F8D-47FD-9A44-E2A03846732D}
		{26BC48DD-5C33-4A7D-A951-854E3B6F2E2F} = {2F024765-0BB2-48C8-80F7-BB65B6F847A4}
	EndGlobalSection
	GlobalSection(ExtensibilityGlobals) = postSolution
		SolutionGuid = {88D11DD7-80DC-47B2-A8EB-485D1B78B8D9}
	EndGlobalSection
EndGlobal
